
Microsoft Visual Studio Solution File, Format Version 12.00
# Visual Studio 14
VisualStudioVersion = 14.0.25420.1
MinimumVisualStudioVersion = 10.0.40219.1
Project("{2150E333-8FDC-42A3-9474-1A3956D46DE8}") = "Libraries", "Libraries", "{775DD6F1-9295-4EEE-AF25-60DA78F4B6E2}"
EndProject
Project("{2150E333-8FDC-42A3-9474-1A3956D46DE8}") = "Websites", "Websites", "{43D6B752-6DD7-4B7F-99E1-5101FAF0FC83}"
EndProject
Project("{FAE04EC0-301F-11D3-BF4B-00C04F79EFBC}") = "LibRecipeBook", "Libraries\LibRecipeBook\LibRecipeBook.csproj", "{649A7032-B908-428D-AD7B-8B0CEDE251D2}"
EndProject
Project("{FAE04EC0-301F-11D3-BF4B-00C04F79EFBC}") = "WebRecipeBook", "Websites\WebRecipeBook\WebRecipeBook.csproj", "{8C0A7297-6C50-499C-850D-7A469886A58D}"
EndProject
Global
	GlobalSection(SolutionConfigurationPlatforms) = preSolution
		Debug|Any CPU = Debug|Any CPU
		Release|Any CPU = Release|Any CPU
	EndGlobalSection
	GlobalSection(ProjectConfigurationPlatforms) = postSolution
		{649A7032-B908-428D-AD7B-8B0CEDE251D2}.Debug|Any CPU.ActiveCfg = Debug|Any CPU
		{649A7032-B908-428D-AD7B-8B0CEDE251D2}.Debug|Any CPU.Build.0 = Debug|Any CPU
		{649A7032-B908-428D-AD7B-8B0CEDE251D2}.Release|Any CPU.ActiveCfg = Release|Any CPU
		{649A7032-B908-428D-AD7B-8B0CEDE251D2}.Release|Any CPU.Build.0 = Release|Any CPU
		{8C0A7297-6C50-499C-850D-7A469886A58D}.Debug|Any CPU.ActiveCfg = Debug|Any CPU
		{8C0A7297-6C50-499C-850D-7A469886A58D}.Debug|Any CPU.Build.0 = Debug|Any CPU
		{8C0A7297-6C50-499C-850D-7A469886A58D}.Release|Any CPU.ActiveCfg = Release|Any CPU
		{8C0A7297-6C50-499C-850D-7A469886A58D}.Release|Any CPU.Build.0 = Release|Any CPU
	EndGlobalSection
	GlobalSection(SolutionProperties) = preSolution
		HideSolutionNode = FALSE
	EndGlobalSection
	GlobalSection(NestedProjects) = preSolution
		{649A7032-B908-428D-AD7B-8B0CEDE251D2} = {775DD6F1-9295-4EEE-AF25-60DA78F4B6E2}
		{8C0A7297-6C50-499C-850D-7A469886A58D} = {43D6B752-6DD7-4B7F-99E1-5101FAF0FC83}
	EndGlobalSection
EndGlobal
